
Microsoft Visual Studio Solution File, Format Version 12.00
# Visual Studio Version 17
VisualStudioVersion = 17.11.35327.3
MinimumVisualStudioVersion = 10.0.40219.1
Project("{9A19103F-16F7-4668-BE54-9A1E7A4F7556}") = "Corso_25_09_2025", "Corso_25_09_2025.csproj", "{C7F3262D-745C-B3C7-BF34-2EB74624B6BD}"
EndProject
Global
	GlobalSection(SolutionConfigurationPlatforms) = preSolution
		Debug|Any CPU = Debug|Any CPU
		Release|Any CPU = Release|Any CPU
	EndGlobalSection
	GlobalSection(ProjectConfigurationPlatforms) = postSolution
		{C7F3262D-745C-B3C7-BF34-2EB74624B6BD}.Debug|Any CPU.ActiveCfg = Debug|Any CPU
		{C7F3262D-745C-B3C7-BF34-2EB74624B6BD}.Debug|Any CPU.Build.0 = Debug|Any CPU
		{C7F3262D-745C-B3C7-BF34-2EB74624B6BD}.Release|Any CPU.ActiveCfg = Release|Any CPU
		{C7F3262D-745C-B3C7-BF34-2EB74624B6BD}.Release|Any CPU.Build.0 = Release|Any CPU
	EndGlobalSection
	GlobalSection(SolutionProperties) = preSolution
		HideSolutionNode = FALSE
	EndGlobalSection
EndGlobal
